{
  "name": "ledger",
  "version": "1.0.0",
  "lockfileVersion": 3,
  "requires": true,
  "packages": {
    "": {
      "name": "ledger",
      "version": "1.0.0",
      "license": "ISC",
      "devDependencies": {
        "@cloudflare/workers-types": "^4.20260501.1"
      }
    },
    "node_modules/@cloudflare/workers-types": {
      "version": "4.20260501.1",
      "resolved": "https://registry.npmjs.org/@cloudflare/workers-types/-/workers-types-4.20260501.1.tgz",
      "integrity": "sha512-B/VX2w3my/sCqxKyWOX7SxUpFC1uD8Gh7I2zbI1d3zA8p7Tx03AFsnuEx8lYLmcd8yONAA93YsAZb1wAaLK83w==",
      "dev": true,
      "license": "MIT OR Apache-2.0"
    }
  }
}
